
Microsoft Visual Studio Solution File, Format Version 12.00
# Visual Studio Version 17
VisualStudioVersion = 17.0.32112.339
MinimumVisualStudioVersion = 10.0.40219.1
Project("{8BC9CEB8-8B4A-11D0-8D11-00A0C91BC942}") = "hanner_Assignment2", "hanner_Assignment2\hanner_Assignment2.vcxproj", "{7AF9AB5D-A9DB-474B-A485-2D4AE9DB03D7}"
EndProject
Global
	GlobalSection(SolutionConfigurationPlatforms) = preSolution
		Debug|x64 = Debug|x64
		Debug|x86 = Debug|x86
		Release|x64 = Release|x64
		Release|x86 = Release|x86
	EndGlobalSection
	GlobalSection(ProjectConfigurationPlatforms) = postSolution
		{7AF9AB5D-A9DB-474B-A485-2D4AE9DB03D7}.Debug|x64.ActiveCfg = Debug|x64
		{7AF9AB5D-A9DB-474B-A485-2D4AE9DB03D7}.Debug|x64.Build.0 = Debug|x64
		{7AF9AB5D-A9DB-474B-A485-2D4AE9DB03D7}.Debug|x86.ActiveCfg = Debug|Win32
		{7AF9AB5D-A9DB-474B-A485-2D4AE9DB03D7}.Debug|x86.Build.0 = Debug|Win32
		{7AF9AB5D-A9DB-474B-A485-2D4AE9DB03D7}.Release|x64.ActiveCfg = Release|x64
		{7AF9AB5D-A9DB-474B-A485-2D4AE9DB03D7}.Release|x64.Build.0 = Release|x64
		{7AF9AB5D-A9DB-474B-A485-2D4AE9DB03D7}.Release|x86.ActiveCfg = Release|Win32
		{7AF9AB5D-A9DB-474B-A485-2D4AE9DB03D7}.Release|x86.Build.0 = Release|Win32
	EndGlobalSection
	GlobalSection(SolutionProperties) = preSolution
		HideSolutionNode = FALSE
	EndGlobalSection
	GlobalSection(ExtensibilityGlobals) = postSolution
		SolutionGuid = {36B88D2B-5BFC-4F20-BF2D-7775AA5A4766}
	EndGlobalSection
EndGlobal
